dependencies:
  espressif/ds18b20:
    component_hash: 38022d0c39c08b1df3e77f95a3f9544251549a1fd9b6263357bf714026f4bb6b
    dependencies:
    - name: espressif/onewire_bus
      registry_url: https://components.espressif.com
      require: private
      version: ^1.1.0
    - matches:
      - if: $CONFIG{DS18B20_SENSOR_HUB} == True
      name: espressif/sensor_hub
      registry_url: https://components.espressif.com
      require: public
      version: ^0.1.4
    source:
      registry_url: https://components.espressif.com/
      type: service
    version: 0.4.0
  espressif/mqtt:
    component_hash: fb18bc3b65aa8c94693a9811ffc322cca8a65d92d5ec84983d3e385080e3969c
    dependencies:
    - name: idf
      require: private
      version: '>=5.3'
    source:
      registry_url: https://components.espressif.com/
      type: service
    version: 1.1.0
  espressif/onewire_bus:
    component_hash: a85dc1ceb71fb87af77c57d5fd4e6f48a504de1fc2b83fc302ec0cea331d05ce
    dependencies:
    - name: idf
      require: private
      version: '>=5.0'
    source:
      registry_url: https://components.espressif.com/
      type: service
    version: 1.1.1
  idf:
    source:
      type: idf
    version: 6.0.1
direct_dependencies:
- espressif/ds18b20
- espressif/mqtt
- espressif/onewire_bus
- idf
manifest_hash: 70c9510581aa72a6e7a954a2a37a08bfdcb61c9c3c18f562590d6b2198a9d9db
target: esp32c6
version: 2.0.0
